
Microsoft Visual Studio Solution File, Format Version 12.00
# Visual Studio Version 16
VisualStudioVersion = 16.0.31321.278
MinimumVisualStudioVersion = 10.0.40219.1
Project("{9A19103F-16F7-4668-BE54-9A1E7A4F7556}") = "GameCore", "GameCore\GameCore.csproj", "{B04C6A29-E386-4592-B788-64DA92DDEEB0}"
EndProject
Project("{FAE04EC0-301F-11D3-BF4B-00C04F79EFBC}") = "ConsoleUI", "ConsoleUI\ConsoleUI.csproj", "{D1914AE9-9F79-4020-A355-156423370349}"
EndProject
Global
	GlobalSection(SolutionConfigurationPlatforms) = preSolution
		Debug|Any CPU = Debug|Any CPU
		Release|Any CPU = Release|Any CPU
	EndGlobalSection
	GlobalSection(ProjectConfigurationPlatforms) = postSolution
		{B04C6A29-E386-4592-B788-64DA92DDEEB0}.Debug|Any CPU.ActiveCfg = Debug|Any CPU
		{B04C6A29-E386-4592-B788-64DA92DDEEB0}.Debug|Any CPU.Build.0 = Debug|Any CPU
		{B04C6A29-E386-4592-B788-64DA92DDEEB0}.Release|Any CPU.ActiveCfg = Release|Any CPU
		{B04C6A29-E386-4592-B788-64DA92DDEEB0}.Release|Any CPU.Build.0 = Release|Any CPU
		{D1914AE9-9F79-4020-A355-156423370349}.Debug|Any CPU.ActiveCfg = Debug|Any CPU
		{D1914AE9-9F79-4020-A355-156423370349}.Debug|Any CPU.Build.0 = Debug|Any CPU
		{D1914AE9-9F79-4020-A355-156423370349}.Release|Any CPU.ActiveCfg = Release|Any CPU
		{D1914AE9-9F79-4020-A355-156423370349}.Release|Any CPU.Build.0 = Release|Any CPU
	EndGlobalSection
	GlobalSection(SolutionProperties) = preSolution
		HideSolutionNode = FALSE
	EndGlobalSection
	GlobalSection(ExtensibilityGlobals) = postSolution
		SolutionGuid = {99E5809F-5D67-4209-9EFB-0D15A5839ECA}
	EndGlobalSection
EndGlobal
